// !$*UTF8*$!
{
	archiveVersion = 1;
	classes = {
	};
	objectVersion = 56;
	objects = {

/* Begin PBXBuildFile section */
		77CB554F28FF219600F9E379 /* receiverApp.swift in Sources */ = {isa = PBXBuildFile; fileRef = 77CB554E28FF219600F9E379 /* receiverApp.swift */; };
		77CB555128FF219600F9E379 /* ContentView.swift in Sources */ = {isa = PBXBuildFile; fileRef = 77CB555028FF219600F9E379 /* ContentView.swift */; };
		77CB555328FF219800F9E379 /* Assets.xcassets in Resources */ = {isa = PBXBuildFile; fileRef = 77CB555228FF219800F9E379 /* Assets.xcassets */; };
		77CB555728FF219800F9E379 /* Preview Assets.xcassets in Resources */ = {isa = PBXBuildFile; fileRef = 77CB555628FF219800F9E379 /* Preview Assets.xcassets */; };
		77CB556B28FF219800F9E379 /* receiverUITests.swift in Sources */ = {isa = PBXBuildFile; fileRef = 77CB556A28FF219800F9E379 /* receiverUITests.swift */; };
		77CB556D28FF219800F9E379 /* receiverUITestsLaunchTests.swift in Sources */ = {isa = PBXBuildFile; fileRef = 77CB556C28FF219800F9E379 /* receiverUITestsLaunchTests.swift */; };
		77CB557A28FF253800F9E379 /* receiverTests.swift in Sources */ = {isa = PBXBuildFile; fileRef = 77CB556028FF219800F9E379 /* receiverTests.swift */; };
/* End PBXBuildFile section */

/* Begin PBXContainerItemProxy section */
		77CB555D28FF219800F9E379 /* PBXContainerItemProxy */ = {
			isa = PBXContainerItemProxy;
			containerPortal = 77CB554328FF219600F9E379 /* Project object */;
			proxyType = 1;
			remoteGlobalIDString = 77CB554A28FF219600F9E379;
			remoteInfo = receiver;
		};
		77CB556728FF219800F9E379 /* PBXContainerItemProxy */ = {
			isa = PBXContainerItemProxy;
			containerPortal = 77CB554328FF219600F9E379 /* Project object */;
			proxyType = 1;
			remoteGlobalIDString = 77CB554A28FF219600F9E379;
			remoteInfo = receiver;
		};
/* End PBXContainerItemProxy section */

/* Begin PBXFileReference section */
		77CB554B28FF219600F9E379 /* receiver.app */ = {isa = PBXFileReference; explicitFileType = wrapper.application; includeInIndex = 0; path = receiver.app; sourceTree = BUILT_PRODUCTS_DIR; };
		77CB554E28FF219600F9E379 /* receiverApp.swift */ = {isa = PBXFileReference; lastKnownFileType = sourcecode.swift; path = receiverApp.swift; sourceTree = "<group>"; };
		77CB555028FF219600F9E379 /* ContentView.swift */ = {isa = PBXFileReference; lastKnownFileType = sourcecode.swift; path = ContentView.swift; sourceTree = "<group>"; };
		77CB555228FF219800F9E379 /* Assets.xcassets */ = {isa = PBXFileReference; lastKnownFileType = folder.assetcatalog; path = Assets.xcassets; sourceTree = "<group>"; };
		77CB555428FF219800F9E379 /* receiver.entitlements */ = {isa = PBXFileReference; lastKnownFileType = text.plist.entitlements; path = receiver.entitlements; sourceTree = "<group>"; };
		77CB555628FF219800F9E379 /* Preview Assets.xcassets */ = {isa = PBXFileReference; lastKnownFileType = folder.assetcatalog; path = "Preview Assets.xcassets"; sourceTree = "<group>"; };
		77CB555C28FF219800F9E379 /* receiverTests.xctest */ = {isa = PBXFileReference; explicitFileType = wrapper.cfbundle; includeInIndex = 0; path = receiverTests.xctest; sourceTree = BUILT_PRODUCTS_DIR; };
		77CB556028FF219800F9E379 /* receiverTests.swift */ = {isa = PBXFileReference; lastKnownFileType = sourcecode.swift; path = receiverTests.swift; sourceTree = "<group>"; };
		77CB556628FF219800F9E379 /* receiverUITests.xctest */ = {isa = PBXFileReference; explicitFileType = wrapper.cfbundle; includeInIndex = 0; path = receiverUITests.xctest; sourceTree = BUILT_PRODUCTS_DIR; };
		77CB556A28FF219800F9E379 /* receiverUITests.swift */ = {isa = PBXFileReference; lastKnownFileType = sourcecode.swift; path = receiverUITests.swift; sourceTree = "<group>"; };
		77CB556C28FF219800F9E379 /* receiverUITestsLaunchTests.swift */ = {isa = PBXFileReference; lastKnownFileType = sourcecode.swift; path = receiverUITestsLaunchTests.swift; sourceTree = "<group>"; };
/* End PBXFileReference section */

/* Begin PBXFrameworksBuildPhase section */
		77CB554828FF219600F9E379 /* Frameworks */ = {
			isa = PBXFrameworksBuildPhase;
			buildActionMask = 2147483647;
			files = (
			);
			runOnlyForDeploymentPostprocessing = 0;
		};
		77CB555928FF219800F9E379 /* Frameworks */ = {
			isa = PBXFrameworksBuildPhase;
			buildActionMask = 2147483647;
			files = (
			);
			runOnlyForDeploymentPostprocessing = 0;
		};
		77CB556328FF219800F9E379 /* Frameworks */ = {
			isa = PBXFrameworksBuildPhase;
			buildActionMask = 2147483647;
			files = (
			);
			runOnlyForDeploymentPostprocessing = 0;
		};
/* End PBXFrameworksBuildPhase section */

/* Begin PBXGroup section */
		77CB554228FF219600F9E379 = {
			isa = PBXGroup;
			children = (
				77CB554D28FF219600F9E379 /* receiver */,
				77CB555F28FF219800F9E379 /* receiverTests */,
				77CB556928FF219800F9E379 /* receiverUITests */,
				77CB554C28FF219600F9E379 /* Products */,
			);
			sourceTree = "<group>";
		};
		77CB554C28FF219600F9E379 /* Products */ = {
			isa = PBXGroup;
			children = (
				77CB554B28FF219600F9E379 /* receiver.app */,
				77CB555C28FF219800F9E379 /* receiverTests.xctest */,
				77CB556628FF219800F9E379 /* receiverUITests.xctest */,
			);
			name = Products;
			sourceTree = "<group>";
		};
		77CB554D28FF219600F9E379 /* receiver */ = {
			isa = PBXGroup;
			children = (
				77CB554E28FF219600F9E379 /* receiverApp.swift */,
				77CB555028FF219600F9E379 /* ContentView.swift */,
				77CB555228FF219800F9E379 /* Assets.xcassets */,
				77CB555428FF219800F9E379 /* receiver.entitlements */,
				77CB555528FF219800F9E379 /* Preview Content */,
			);
			path = receiver;
			sourceTree = "<group>";
		};
		77CB555528FF219800F9E379 /* Preview Content */ = {
			isa = PBXGroup;
			children = (
				77CB555628FF219800F9E379 /* Preview Assets.xcassets */,
			);
			path = "Preview Content";
			sourceTree = "<group>";
		};
		77CB555F28FF219800F9E379 /* receiverTests */ = {
			isa = PBXGroup;
			children = (
				77CB556028FF219800F9E379 /* receiverTests.swift */,
			);
			path = receiverTests;
			sourceTree = "<group>";
		};
		77CB556928FF219800F9E379 /* receiverUITests */ = {
			isa = PBXGroup;
			children = (
				77CB556A28FF219800F9E379 /* receiverUITests.swift */,
				77CB556C28FF219800F9E379 /* receiverUITestsLaunchTests.swift */,
			);
			path = receiverUITests;
			sourceTree = "<group>";
		};
/* End PBXGroup section */

/* Begin PBXNativeTarget section */
		77CB554A28FF219600F9E379 /* receiver */ = {
			isa = PBXNativeTarget;
			buildConfigurationList = 77CB557028FF219800F9E379 /* Build configuration list for PBXNativeTarget "receiver" */;
			buildPhases = (
				77CB554728FF219600F9E379 /* Sources */,
				77CB554828FF219600F9E379 /* Frameworks */,
				77CB554928FF219600F9E379 /* Resources */,
			);
			buildRules = (
			);
			dependencies = (
			);
			name = receiver;
			productName = receiver;
			productReference = 77CB554B28FF219600F9E379 /* receiver.app */;
			productType = "com.apple.product-type.application";
		};
		77CB555B28FF219800F9E379 /* receiverTests */ = {
			isa = PBXNativeTarget;
			buildConfigurationList = 77CB557328FF219800F9E379 /* Build configuration list for PBXNativeTarget "receiverTests" */;
			buildPhases = (
				77CB555828FF219800F9E379 /* Sources */,
				77CB555928FF219800F9E379 /* Frameworks */,
				77CB555A28FF219800F9E379 /* Resources */,
			);
			buildRules = (
			);
			dependencies = (
				77CB555E28FF219800F9E379 /* PBXTargetDependency */,
			);
			name = receiverTests;
			productName = receiverTests;
			productReference = 77CB555C28FF219800F9E379 /* receiverTests.xctest */;
			productType = "com.apple.product-type.bundle.unit-test";
		};
		77CB556528FF219800F9E379 /* receiverUITests */ = {
			isa = PBXNativeTarget;
			buildConfigurationList = 77CB557628FF219800F9E379 /* Build configuration list for PBXNativeTarget "receiverUITests" */;
			buildPhases = (
				77CB556228FF219800F9E379 /* Sources */,
				77CB556328FF219800F9E379 /* Frameworks */,
				77CB556428FF219800F9E379 /* Resources */,
			);
			buildRules = (
			);
			dependencies = (
				77CB556828FF219800F9E379 /* PBXTargetDependency */,
			);
			name = receiverUITests;
			productName = receiverUITests;
			productReference = 77CB556628FF219800F9E379 /* receiverUITests.xctest */;
			productType = "com.apple.product-type.bundle.ui-testing";
		};
/* End PBXNativeTarget section */

/* Begin PBXProject section */
		77CB554328FF219600F9E379 /* Project object */ = {
			isa = PBXProject;
			attributes = {
				BuildIndependentTargetsInParallel = 1;
				LastSwiftUpdateCheck = 1400;
				LastUpgradeCheck = 1400;
				TargetAttributes = {
					77CB554A28FF219600F9E379 = {
						CreatedOnToolsVersion = 14.0.1;
					};
					77CB555B28FF219800F9E379 = {
						CreatedOnToolsVersion = 14.0.1;
						TestTargetID = 77CB554A28FF219600F9E379;
					};
					77CB556528FF219800F9E379 = {
						CreatedOnToolsVersion = 14.0.1;
						TestTargetID = 77CB554A28FF219600F9E379;
					};
				};
			};
			buildConfigurationList = 77CB554628FF219600F9E379 /* Build configuration list for PBXProject "receiver" */;
			compatibilityVersion = "Xcode 14.0";
			developmentRegion = en;
			hasScannedForEncodings = 0;
			knownRegions = (
				en,
				Base,
			);
			mainGroup = 77CB554228FF219600F9E379;
			productRefGroup = 77CB554C28FF219600F9E379 /* Products */;
			projectDirPath = "";
			projectRoot = "";
			targets = (
				77CB554A28FF219600F9E379 /* receiver */,
				77CB555B28FF219800F9E379 /* receiverTests */,
				77CB556528FF219800F9E379 /* receiverUITests */,
			);
		};
/* End PBXProject section */

/* Begin PBXResourcesBuildPhase section */
		77CB554928FF219600F9E379 /* Resources */ = {
			isa = PBXResourcesBuildPhase;
			buildActionMask = 2147483647;
			files = (
				77CB555728FF219800F9E379 /* Preview Assets.xcassets in Resources */,
				77CB555328FF219800F9E379 /* Assets.xcassets in Resources */,
			);
			runOnlyForDeploymentPostprocessing = 0;
		};
		77CB555A28FF219800F9E379 /* Resources */ = {
			isa = PBXResourcesBuildPhase;
			buildActionMask = 2147483647;
			files = (
			);
			runOnlyForDeploymentPostprocessing = 0;
		};
		77CB556428FF219800F9E379 /* Resources */ = {
			isa = PBXResourcesBuildPhase;
			buildActionMask = 2147483647;
			files = (
			);
			runOnlyForDeploymentPostprocessing = 0;
		};
/* End PBXResourcesBuildPhase section */

/* Begin PBXSourcesBuildPhase section */
		77CB554728FF219600F9E379 /* Sources */ = {
			isa = PBXSourcesBuildPhase;
			buildActionMask = 2147483647;
			files = (
				77CB555128FF219600F9E379 /* ContentView.swift in Sources */,
				77CB557A28FF253800F9E379 /* receiverTests.swift in Sources */,
				77CB554F28FF219600F9E379 /* receiverApp.swift in Sources */,
			);
			runOnlyForDeploymentPostprocessing = 0;
		};
		77CB555828FF219800F9E379 /* Sources */ = {
			isa = PBXSourcesBuildPhase;
			buildActionMask = 2147483647;
			files = (
			);
			runOnlyForDeploymentPostprocessing = 0;
		};
		77CB556228FF219800F9E379 /* Sources */ = {
			isa = PBXSourcesBuildPhase;
			buildActionMask = 2147483647;
			files = (
				77CB556D28FF219800F9E379 /* receiverUITestsLaunchTests.swift in Sources */,
				77CB556B28FF219800F9E379 /* receiverUITests.swift in Sources */,
			);
			runOnlyForDeploymentPostprocessing = 0;
		};
/* End PBXSourcesBuildPhase section */

/* Begin PBXTargetDependency section */
		77CB555E28FF219800F9E379 /* PBXTargetDependency */ = {
			isa = PBXTargetDependency;
			target = 77CB554A28FF219600F9E379 /* receiver */;
			targetProxy = 77CB555D28FF219800F9E379 /* PBXContainerItemProxy */;
		};
		77CB556828FF219800F9E379 /* PBXTargetDependency */ = {
			isa = PBXTargetDependency;
			target = 77CB554A28FF219600F9E379 /* receiver */;
			targetProxy = 77CB556728FF219800F9E379 /* PBXContainerItemProxy */;
		};
/* End PBXTargetDependency section */

/* Begin XCBuildConfiguration section */
		77CB556E28FF219800F9E379 /* Debug */ = {
			isa = XCBuildConfiguration;
			buildSettings = {
				ALWAYS_SEARCH_USER_PATHS = NO;
				CLANG_ANALYZER_NONNULL = YES;
				CLANG_ANALYZER_NUMBER_OBJECT_CONVERSION = YES_AGGRESSIVE;
				CLANG_CXX_LANGUAGE_STANDARD = "gnu++20";
				CLANG_ENABLE_MODULES = YES;
				CLANG_ENABLE_OBJC_ARC = YES;
				CLANG_ENABLE_OBJC_WEAK = YES;
				CLANG_WARN_BLOCK_CAPTURE_AUTORELEASING = YES;
				CLANG_WARN_BOOL_CONVERSION = YES;
				CLANG_WARN_COMMA = YES;
				CLANG_WARN_CONSTANT_CONVERSION = YES;
				CLANG_WARN_DEPRECATED_OBJC_IMPLEMENTATIONS = YES;
				CLANG_WARN_DIRECT_OBJC_ISA_USAGE = YES_ERROR;
				CLANG_WARN_DOCUMENTATION_COMMENTS = YES;
				CLANG_WARN_EMPTY_BODY = YES;
				CLANG_WARN_ENUM_CONVERSION = YES;
				CLANG_WARN_INFINITE_RECURSION = YES;
				CLANG_WARN_INT_CONVERSION = YES;
				CLANG_WARN_NON_LITERAL_NULL_CONVERSION = YES;
				CLANG_WARN_OBJC_IMPLICIT_RETAIN_SELF = YES;
				CLANG_WARN_OBJC_LITERAL_CONVERSION = YES;
				CLANG_WARN_OBJC_ROOT_CLASS = YES_ERROR;
				CLANG_WARN_QUOTED_INCLUDE_IN_FRAMEWORK_HEADER = YES;
				CLANG_WARN_RANGE_LOOP_ANALYSIS = YES;
				CLANG_WARN_STRICT_PROTOTYPES = YES;
				CLANG_WARN_SUSPICIOUS_MOVE = YES;
				CLANG_WARN_UNGUARDED_AVAILABILITY = YES_AGGRESSIVE;
				CLANG_WARN_UNREACHABLE_CODE = YES;
				CLANG_WARN__DUPLICATE_METHOD_MATCH = YES;
				COPY_PHASE_STRIP = NO;
				DEBUG_INFORMATION_FORMAT = dwarf;
				ENABLE_STRICT_OBJC_MSGSEND = YES;
				ENABLE_TESTABILITY = YES;
				GCC_C_LANGUAGE_STANDARD = gnu11;
				GCC_DYNAMIC_NO_PIC = NO;
				GCC_NO_COMMON_BLOCKS = YES;
				GCC_OPTIMIZATION_LEVEL = 0;
				GCC_PREPROCESSOR_DEFINITIONS = (
					"DEBUG=1",
					"$(inherited)",
				);
				GCC_WARN_64_TO_32_BIT_CONVERSION = YES;
				GCC_WARN_ABOUT_RETURN_TYPE = YES_ERROR;
				GCC_WARN_UNDECLARED_SELECTOR = YES;
				GCC_WARN_UNINITIALIZED_AUTOS = YES_AGGRESSIVE;
				GCC_WARN_UNUSED_FUNCTION = YES;
				GCC_WARN_UNUSED_VARIABLE = YES;
				MTL_ENABLE_DEBUG_INFO = INCLUDE_SOURCE;
				MTL_FAST_MATH = YES;
				ONLY_ACTIVE_ARCH = YES;
				SWIFT_ACTIVE_COMPILATION_CONDITIONS = DEBUG;
				SWIFT_OPTIMIZATION_LEVEL = "-Onone";
			};
			name = Debug;
		};
		77CB556F28FF219800F9E379 /* Release */ = {
			isa = XCBuildConfiguration;
			buildSettings = {
				ALWAYS_SEARCH_USER_PATHS = NO;
				CLANG_ANALYZER_NONNULL = YES;
				CLANG_ANALYZER_NUMBER_OBJECT_CONVERSION = YES_AGGRESSIVE;
				CLANG_CXX_LANGUAGE_STANDARD = "gnu++20";
				CLANG_ENABLE_MODULES = YES;
				CLANG_ENABLE_OBJC_ARC = YES;
				CLANG_ENABLE_OBJC_WEAK = YES;
				CLANG_WARN_BLOCK_CAPTURE_AUTORELEASING = YES;
				CLANG_WARN_BOOL_CONVERSION = YES;
				CLANG_WARN_COMMA = YES;
				CLANG_WARN_CONSTANT_CONVERSION = YES;
				CLANG_WARN_DEPRECATED_OBJC_IMPLEMENTATIONS = YES;
				CLANG_WARN_DIRECT_OBJC_ISA_USAGE = YES_ERROR;
				CLANG_WARN_DOCUMENTATION_COMMENTS = YES;
				CLANG_WARN_EMPTY_BODY = YES;
				CLANG_WARN_ENUM_CONVERSION = YES;
				CLANG_WARN_INFINITE_RECURSION = YES;
				CLANG_WARN_INT_CONVERSION = YES;
				CLANG_WARN_NON_LITERAL_NULL_CONVERSION = YES;
				CLANG_WARN_OBJC_IMPLICIT_RETAIN_SELF = YES;
				CLANG_WARN_OBJC_LITERAL_CONVERSION = YES;
				CLANG_WARN_OBJC_ROOT_CLASS = YES_ERROR;
				CLANG_WARN_QUOTED_INCLUDE_IN_FRAMEWORK_HEADER = YES;
				CLANG_WARN_RANGE_LOOP_ANALYSIS = YES;
				CLANG_WARN_STRICT_PROTOTYPES = YES;
				CLANG_WARN_SUSPICIOUS_MOVE = YES;
				CLANG_WARN_UNGUARDED_AVAILABILITY = YES_AGGRESSIVE;
				CLANG_WARN_UNREACHABLE_CODE = YES;
				CLANG_WARN__DUPLICATE_METHOD_MATCH = YES;
				COPY_PHASE_STRIP = NO;
				DEBUG_INFORMATION_FORMAT = "dwarf-with-dsym";
				ENABLE_NS_ASSERTIONS = NO;
				ENABLE_STRICT_OBJC_MSGSEND = YES;
				GCC_C_LANGUAGE_STANDARD = gnu11;
				GCC_NO_COMMON_BLOCKS = YES;
				GCC_WARN_64_TO_32_BIT_CONVERSION = YES;
				GCC_WARN_ABOUT_RETURN_TYPE = YES_ERROR;
				GCC_WARN_UNDECLARED_SELECTOR = YES;
				GCC_WARN_UNINITIALIZED_AUTOS = YES_AGGRESSIVE;
				GCC_WARN_UNUSED_FUNCTION = YES;
				GCC_WARN_UNUSED_VARIABLE = YES;
				MTL_ENABLE_DEBUG_INFO = NO;
				MTL_FAST_MATH = YES;
				SWIFT_COMPILATION_MODE = wholemodule;
				SWIFT_OPTIMIZATION_LEVEL = "-O";
			};
			name = Release;
		};
		77CB557128FF219800F9E379 /* Debug */ = {
			isa = XCBuildConfiguration;
			buildSettings = {
				ASSETCATALOG_COMPILER_APPICON_NAME = AppIcon;
				ASSETCATALOG_COMPILER_GLOBAL_ACCENT_COLOR_NAME = AccentColor;
				CODE_SIGN_ENTITLEMENTS = receiver/receiver.entitlements;
				CODE_SIGN_STYLE = Automatic;
				CURRENT_PROJECT_VERSION = 1;
				DEVELOPMENT_ASSET_PATHS = "\"receiver/Preview Content\"";
				ENABLE_PREVIEWS = YES;
				GENERATE_INFOPLIST_FILE = YES;
				"INFOPLIST_KEY_UIApplicationSceneManifest_Generation[sdk=iphoneos*]" = YES;
				"INFOPLIST_KEY_UIApplicationSceneManifest_Generation[sdk=iphonesimulator*]" = YES;
				"INFOPLIST_KEY_UIApplicationSupportsIndirectInputEvents[sdk=iphoneos*]" = YES;
				"INFOPLIST_KEY_UIApplicationSupportsIndirectInputEvents[sdk=iphonesimulator*]" = YES;
				"INFOPLIST_KEY_UILaunchScreen_Generation[sdk=iphoneos*]" = YES;
				"INFOPLIST_KEY_UILaunchScreen_Generation[sdk=iphonesimulator*]" = YES;
				"INFOPLIST_KEY_UIStatusBarStyle[sdk=iphoneos*]" = UIStatusBarStyleDefault;
				"INFOPLIST_KEY_UIStatusBarStyle[sdk=iphonesimulator*]" = UIStatusBarStyleDefault;
				INFOPLIST_KEY_UISupportedInterfaceOrientations_iPad = "UIInterfaceOrientationPortrait UIInterfaceOrientationPortraitUpsideDown UIInterfaceOrientationLandscapeLeft UIInterfaceOrientationLandscapeRight";
				INFOPLIST_KEY_UISupportedInterfaceOrientations_iPhone = "UIInterfaceOrientationPortrait UIInterfaceOrientationLandscapeLeft UIInterfaceOrientationLandscapeRight";
				IPHONEOS_DEPLOYMENT_TARGET = 16.0;
				LD_RUNPATH_SEARCH_PATHS = "@executable_path/Frameworks";
				"LD_RUNPATH_SEARCH_PATHS[sdk=macosx*]" = "@executable_path/../Frameworks";
				MACOSX_DEPLOYMENT_TARGET = 12.3;
				MARKETING_VERSION = 1.0;
				PRODUCT_BUNDLE_IDENTIFIER = Brian.receiver;
				PRODUCT_NAME = "$(TARGET_NAME)";
				SDKROOT = auto;
				SUPPORTED_PLATFORMS = "iphoneos iphonesimulator macosx";
				SWIFT_EMIT_LOC_STRINGS = YES;
				SWIFT_VERSION = 5.0;
				TARGETED_DEVICE_FAMILY = "1,2";
			};
			name = Debug;
		};
		77CB557228FF219800F9E379 /* Release */ = {
			isa = XCBuildConfiguration;
			buildSettings = {
				ASSETCATALOG_COMPILER_APPICON_NAME = AppIcon;
				ASSETCATALOG_COMPILER_GLOBAL_ACCENT_COLOR_NAME = AccentColor;
				CODE_SIGN_ENTITLEMENTS = receiver/receiver.entitlements;
				CODE_SIGN_STYLE = Automatic;
				CURRENT_PROJECT_VERSION = 1;
				DEVELOPMENT_ASSET_PATHS = "\"receiver/Preview Content\"";
				ENABLE_PREVIEWS = YES;
				GENERATE_INFOPLIST_FILE = YES;
				"INFOPLIST_KEY_UIApplicationSceneManifest_Generation[sdk=iphoneos*]" = YES;
				"INFOPLIST_KEY_UIApplicationSceneManifest_Generation[sdk=iphonesimulator*]" = YES;
				"INFOPLIST_KEY_UIApplicationSupportsIndirectInputEvents[sdk=iphoneos*]" = YES;
				"INFOPLIST_KEY_UIApplicationSupportsIndirectInputEvents[sdk=iphonesimulator*]" = YES;
				"INFOPLIST_KEY_UILaunchScreen_Generation[sdk=iphoneos*]" = YES;
				"INFOPLIST_KEY_UILaunchScreen_Generation[sdk=iphonesimulator*]" = YES;
				"INFOPLIST_KEY_UIStatusBarStyle[sdk=iphoneos*]" = UIStatusBarStyleDefault;
				"INFOPLIST_KEY_UIStatusBarStyle[sdk=iphonesimulator*]" = UIStatusBarStyleDefault;
				INFOPLIST_KEY_UISupportedInterfaceOrientations_iPad = "UIInterfaceOrientationPortrait UIInterfaceOrientationPortraitUpsideDown UIInterfaceOrientationLandscapeLeft UIInterfaceOrientationLandscapeRight";
				INFOPLIST_KEY_UISupportedInterfaceOrientations_iPhone = "UIInterfaceOrientationPortrait UIInterfaceOrientationLandscapeLeft UIInterfaceOrientationLandscapeRight";
				IPHONEOS_DEPLOYMENT_TARGET = 16.0;
				LD_RUNPATH_SEARCH_PATHS = "@executable_path/Frameworks";
				"LD_RUNPATH_SEARCH_PATHS[sdk=macosx*]" = "@executable_path/../Frameworks";
				MACOSX_DEPLOYMENT_TARGET = 12.3;
				MARKETING_VERSION = 1.0;
				PRODUCT_BUNDLE_IDENTIFIER = Brian.receiver;
				PRODUCT_NAME = "$(TARGET_NAME)";
				SDKROOT = auto;
				SUPPORTED_PLATFORMS = "iphoneos iphonesimulator macosx";
				SWIFT_EMIT_LOC_STRINGS = YES;
				SWIFT_VERSION = 5.0;
				TARGETED_DEVICE_FAMILY = "1,2";
			};
			name = Release;
		};
		77CB557428FF219800F9E379 /* Debug */ = {
			isa = XCBuildConfiguration;
			buildSettings = {
				ALWAYS_EMBED_SWIFT_STANDARD_LIBRARIES = YES;
				BUNDLE_LOADER = "$(TEST_HOST)";
				CODE_SIGN_STYLE = Automatic;
				CURRENT_PROJECT_VERSION = 1;
				GENERATE_INFOPLIST_FILE = YES;
				IPHONEOS_DEPLOYMENT_TARGET = 16.0;
				MACOSX_DEPLOYMENT_TARGET = 12.3;
				MARKETING_VERSION = 1.0;
				PRODUCT_BUNDLE_IDENTIFIER = Brian.receiverTests;
				PRODUCT_NAME = "$(TARGET_NAME)";
				SDKROOT = auto;
				SUPPORTED_PLATFORMS = "iphoneos iphonesimulator macosx";
				SWIFT_EMIT_LOC_STRINGS = NO;
				SWIFT_VERSION = 5.0;
				TARGETED_DEVICE_FAMILY = "1,2";
				TEST_HOST = "$(BUILT_PRODUCTS_DIR)/receiver.app/$(BUNDLE_EXECUTABLE_FOLDER_PATH)/receiver";
			};
			name = Debug;
		};
		77CB557528FF219800F9E379 /* Release */ = {
			isa = XCBuildConfiguration;
			buildSettings = {
				ALWAYS_EMBED_SWIFT_STANDARD_LIBRARIES = YES;
				BUNDLE_LOADER = "$(TEST_HOST)";
				CODE_SIGN_STYLE = Automatic;
				CURRENT_PROJECT_VERSION = 1;
				GENERATE_INFOPLIST_FILE = YES;
				IPHONEOS_DEPLOYMENT_TARGET = 16.0;
				MACOSX_DEPLOYMENT_TARGET = 12.3;
				MARKETING_VERSION = 1.0;
				PRODUCT_BUNDLE_IDENTIFIER = Brian.receiverTests;
				PRODUCT_NAME = "$(TARGET_NAME)";
				SDKROOT = auto;
				SUPPORTED_PLATFORMS = "iphoneos iphonesimulator macosx";
				SWIFT_EMIT_LOC_STRINGS = NO;
				SWIFT_VERSION = 5.0;
				TARGETED_DEVICE_FAMILY = "1,2";
				TEST_HOST = "$(BUILT_PRODUCTS_DIR)/receiver.app/$(BUNDLE_EXECUTABLE_FOLDER_PATH)/receiver";
			};
			name = Release;
		};
		77CB557728FF219800F9E379 /* Debug */ = {
			isa = XCBuildConfiguration;
			buildSettings = {
				ALWAYS_EMBED_SWIFT_STANDARD_LIBRARIES = YES;
				CODE_SIGN_STYLE = Automatic;
				CURRENT_PROJECT_VERSION = 1;
				GENERATE_INFOPLIST_FILE = YES;
				IPHONEOS_DEPLOYMENT_TARGET = 16.0;
				MACOSX_DEPLOYMENT_TARGET = 12.3;
				MARKETING_VERSION = 1.0;
				PRODUCT_BUNDLE_IDENTIFIER = Brian.receiverUITests;
				PRODUCT_NAME = "$(TARGET_NAME)";
				SDKROOT = auto;
				SUPPORTED_PLATFORMS = "iphoneos iphonesimulator macosx";
				SWIFT_EMIT_LOC_STRINGS = NO;
				SWIFT_VERSION = 5.0;
				TARGETED_DEVICE_FAMILY = "1,2";
				TEST_TARGET_NAME = receiver;
			};
			name = Debug;
		};
		77CB557828FF219800F9E379 /* Release */ = {
			isa = XCBuildConfiguration;
			buildSettings = {
				ALWAYS_EMBED_SWIFT_STANDARD_LIBRARIES = YES;
				CODE_SIGN_STYLE = Automatic;
				CURRENT_PROJECT_VERSION = 1;
				GENERATE_INFOPLIST_FILE = YES;
				IPHONEOS_DEPLOYMENT_TARGET = 16.0;
				MACOSX_DEPLOYMENT_TARGET = 12.3;
				MARKETING_VERSION = 1.0;
				PRODUCT_BUNDLE_IDENTIFIER = Brian.receiverUITests;
				PRODUCT_NAME = "$(TARGET_NAME)";
				SDKROOT = auto;
				SUPPORTED_PLATFORMS = "iphoneos iphonesimulator macosx";
				SWIFT_EMIT_LOC_STRINGS = NO;
				SWIFT_VERSION = 5.0;
				TARGETED_DEVICE_FAMILY = "1,2";
				TEST_TARGET_NAME = receiver;
			};
			name = Release;
		};
/* End XCBuildConfiguration section */

/* Begin XCConfigurationList section */
		77CB554628FF219600F9E379 /* Build configuration list for PBXProject "receiver" */ = {
			isa = XCConfigurationList;
			buildConfigurations = (
				77CB556E28FF219800F9E379 /* Debug */,
				77CB556F28FF219800F9E379 /* Release */,
			);
			defaultConfigurationIsVisible = 0;
			defaultConfigurationName = Release;
		};
		77CB557028FF219800F9E379 /* Build configuration list for PBXNativeTarget "receiver" */ = {
			isa = XCConfigurationList;
			buildConfigurations = (
				77CB557128FF219800F9E379 /* Debug */,
				77CB557228FF219800F9E379 /* Release */,
			);
			defaultConfigurationIsVisible = 0;
			defaultConfigurationName = Release;
		};
		77CB557328FF219800F9E379 /* Build configuration list for PBXNativeTarget "receiverTests" */ = {
			isa = XCConfigurationList;
			buildConfigurations = (
				77CB557428FF219800F9E379 /* Debug */,
				77CB557528FF219800F9E379 /* Release */,
			);
			defaultConfigurationIsVisible = 0;
			defaultConfigurationName = Release;
		};
		77CB557628FF219800F9E379 /* Build configuration list for PBXNativeTarget "receiverUITests" */ = {
			isa = XCConfigurationList;
			buildConfigurations = (
				77CB557728FF219800F9E379 /* Debug */,
				77CB557828FF219800F9E379 /* Release */,
			);
			defaultConfigurationIsVisible = 0;
			defaultConfigurationName = Release;
		};
/* End XCConfigurationList section */
	};
	rootObject = 77CB554328FF219600F9E379 /* Project object */;
}
